
Microsoft Visual Studio Solution File, Format Version 11.00
# Visual Studio 2010
Project("{F2A71F9B-5D33-465A-A702-920D77279786}") = "MachineLearningInAction", "MachineLearningInAction\MachineLearningInAction.fsproj", "{7485C640-4EA7-4A16-A55C-FC5AF62DD3F4}"
EndProject
Global
	GlobalSection(SolutionConfigurationPlatforms) = preSolution
		Debug|Any CPU = Debug|Any CPU
		Release|Any CPU = Release|Any CPU
	EndGlobalSection
	GlobalSection(ProjectConfigurationPlatforms) = postSolution
		{7485C640-4EA7-4A16-A55C-FC5AF62DD3F4}.Debug|Any CPU.ActiveCfg = Debug|Any CPU
		{7485C640-4EA7-4A16-A55C-FC5AF62DD3F4}.Debug|Any CPU.Build.0 = Debug|Any CPU
		{7485C640-4EA7-4A16-A55C-FC5AF62DD3F4}.Release|Any CPU.ActiveCfg = Release|Any CPU
		{7485C640-4EA7-4A16-A55C-FC5AF62DD3F4}.Release|Any CPU.Build.0 = Release|Any CPU
	EndGlobalSection
	GlobalSection(SolutionProperties) = preSolution
		HideSolutionNode = FALSE
	EndGlobalSection
EndGlobal
